// !$*UTF8*$!
{
	archiveVersion = 1;
	classes = {
	};
	objectVersion = 50;
	objects = {

/* Begin PBXBuildFile section */
		C1120318216E1EA000A4142D /* MessageCell.swift in Sources */ = {isa = PBXBuildFile; fileRef = C1120316216E1EA000A4142D /* MessageCell.swift */; };
		C1120319216E1EA000A4142D /* MessageCell.xib in Resources */ = {isa = PBXBuildFile; fileRef = C1120317216E1EA000A4142D /* MessageCell.xib */; };
		C11C0D50216A58C000F46534 /* ConversationListVIewController.swift in Sources */ = {isa = PBXBuildFile; fileRef = C11C0D4F216A58C000F46534 /* ConversationListVIewController.swift */; };
		C11C0D52216A642300F46534 /* ConversationViewController.swift in Sources */ = {isa = PBXBuildFile; fileRef = C11C0D51216A642300F46534 /* ConversationViewController.swift */; };
		C11C0D58216A907B00F46534 /* ConversationCell.swift in Sources */ = {isa = PBXBuildFile; fileRef = C11C0D56216A907B00F46534 /* ConversationCell.swift */; };
		C11C0D59216A907B00F46534 /* ConversationCell.xib in Resources */ = {isa = PBXBuildFile; fileRef = C11C0D57216A907B00F46534 /* ConversationCell.xib */; };
		C188F13321739D7D00E06319 /* ThemesViewController.swift in Sources */ = {isa = PBXBuildFile; fileRef = C188F13221739D7D00E06319 /* ThemesViewController.swift */; };
		C188F1352173F3B100E06319 /* Themes.swift in Sources */ = {isa = PBXBuildFile; fileRef = C188F1342173F3B100E06319 /* Themes.swift */; };
		C1F86D10215545D000F79EBE /* AppDelegate.swift in Sources */ = {isa = PBXBuildFile; fileRef = C1F86D0F215545D000F79EBE /* AppDelegate.swift */; };
		C1F86D12215545D000F79EBE /* ProfileViewController.swift in Sources */ = {isa = PBXBuildFile; fileRef = C1F86D11215545D000F79EBE /* ProfileViewController.swift */; };
		C1F86D15215545D000F79EBE /* Main.storyboard in Resources */ = {isa = PBXBuildFile; fileRef = C1F86D13215545D000F79EBE /* Main.storyboard */; };
		C1F86D17215545D100F79EBE /* Assets.xcassets in Resources */ = {isa = PBXBuildFile; fileRef = C1F86D16215545D100F79EBE /* Assets.xcassets */; };
		C1F86D1A215545D100F79EBE /* LaunchScreen.storyboard in Resources */ = {isa = PBXBuildFile; fileRef = C1F86D18215545D100F79EBE /* LaunchScreen.storyboard */; };
/* End PBXBuildFile section */

/* Begin PBXFileReference section */
		C1120316216E1EA000A4142D /* MessageCell.swift */ = {isa = PBXFileReference; lastKnownFileType = sourcecode.swift; path = MessageCell.swift; sourceTree = "<group>"; };
		C1120317216E1EA000A4142D /* MessageCell.xib */ = {isa = PBXFileReference; lastKnownFileType = file.xib; path = MessageCell.xib; sourceTree = "<group>"; };
		C11C0D4F216A58C000F46534 /* ConversationListVIewController.swift */ = {isa = PBXFileReference; lastKnownFileType = sourcecode.swift; path = ConversationListVIewController.swift; sourceTree = "<group>"; };
		C11C0D51216A642300F46534 /* ConversationViewController.swift */ = {isa = PBXFileReference; lastKnownFileType = sourcecode.swift; path = ConversationViewController.swift; sourceTree = "<group>"; };
		C11C0D56216A907B00F46534 /* ConversationCell.swift */ = {isa = PBXFileReference; lastKnownFileType = sourcecode.swift; path = ConversationCell.swift; sourceTree = "<group>"; };
		C11C0D57216A907B00F46534 /* ConversationCell.xib */ = {isa = PBXFileReference; lastKnownFileType = file.xib; path = ConversationCell.xib; sourceTree = "<group>"; };
		C188F13221739D7D00E06319 /* ThemesViewController.swift */ = {isa = PBXFileReference; lastKnownFileType = sourcecode.swift; path = ThemesViewController.swift; sourceTree = "<group>"; };
		C188F1342173F3B100E06319 /* Themes.swift */ = {isa = PBXFileReference; lastKnownFileType = sourcecode.swift; path = Themes.swift; sourceTree = "<group>"; };
		C1F86D0C215545D000F79EBE /* Chat.app */ = {isa = PBXFileReference; explicitFileType = wrapper.application; includeInIndex = 0; path = Chat.app; sourceTree = BUILT_PRODUCTS_DIR; };
		C1F86D0F215545D000F79EBE /* AppDelegate.swift */ = {isa = PBXFileReference; lastKnownFileType = sourcecode.swift; path = AppDelegate.swift; sourceTree = "<group>"; };
		C1F86D11215545D000F79EBE /* ProfileViewController.swift */ = {isa = PBXFileReference; lastKnownFileType = sourcecode.swift; path = ProfileViewController.swift; sourceTree = "<group>"; };
		C1F86D14215545D000F79EBE /* Base */ = {isa = PBXFileReference; lastKnownFileType = file.storyboard; name = Base; path = Base.lproj/Main.storyboard; sourceTree = "<group>"; };
		C1F86D16215545D100F79EBE /* Assets.xcassets */ = {isa = PBXFileReference; lastKnownFileType = folder.assetcatalog; path = Assets.xcassets; sourceTree = "<group>"; };
		C1F86D19215545D100F79EBE /* Base */ = {isa = PBXFileReference; lastKnownFileType = file.storyboard; name = Base; path = Base.lproj/LaunchScreen.storyboard; sourceTree = "<group>"; };
		C1F86D1B215545D100F79EBE /* Info.plist */ = {isa = PBXFileReference; lastKnownFileType = text.plist.xml; path = Info.plist; sourceTree = "<group>"; };
/* End PBXFileReference section */

/* Begin PBXFrameworksBuildPhase section */
		C1F86D09215545D000F79EBE /* Frameworks */ = {
			isa = PBXFrameworksBuildPhase;
			buildActionMask = 2147483647;
			files = (
			);
			runOnlyForDeploymentPostprocessing = 0;
		};
/* End PBXFrameworksBuildPhase section */

/* Begin PBXGroup section */
		C11C0D4E216A589D00F46534 /* ViewControllers */ = {
			isa = PBXGroup;
			children = (
				C1F86D11215545D000F79EBE /* ProfileViewController.swift */,
				C11C0D4F216A58C000F46534 /* ConversationListVIewController.swift */,
				C11C0D51216A642300F46534 /* ConversationViewController.swift */,
				C188F13221739D7D00E06319 /* ThemesViewController.swift */,
			);
			path = ViewControllers;
			sourceTree = "<group>";
		};
		C11C0D55216A8FFD00F46534 /* TableView */ = {
			isa = PBXGroup;
			children = (
				C11C0D56216A907B00F46534 /* ConversationCell.swift */,
				C11C0D57216A907B00F46534 /* ConversationCell.xib */,
				C1120316216E1EA000A4142D /* MessageCell.swift */,
				C1120317216E1EA000A4142D /* MessageCell.xib */,
			);
			path = TableView;
			sourceTree = "<group>";
		};
		C11C0D73216D3F6500F46534 /* Classes */ = {
			isa = PBXGroup;
			children = (
				C188F1342173F3B100E06319 /* Themes.swift */,
			);
			path = Classes;
			sourceTree = "<group>";
		};
		C1F86D03215545CF00F79EBE = {
			isa = PBXGroup;
			children = (
				C1F86D0E215545D000F79EBE /* Chat */,
				C1F86D0D215545D000F79EBE /* Products */,
			);
			sourceTree = "<group>";
		};
		C1F86D0D215545D000F79EBE /* Products */ = {
			isa = PBXGroup;
			children = (
				C1F86D0C215545D000F79EBE /* Chat.app */,
			);
			name = Products;
			sourceTree = "<group>";
		};
		C1F86D0E215545D000F79EBE /* Chat */ = {
			isa = PBXGroup;
			children = (
				C1F86D0F215545D000F79EBE /* AppDelegate.swift */,
				C11C0D73216D3F6500F46534 /* Classes */,
				C11C0D55216A8FFD00F46534 /* TableView */,
				C11C0D4E216A589D00F46534 /* ViewControllers */,
				C1F86D13215545D000F79EBE /* Main.storyboard */,
				C1F86D16215545D100F79EBE /* Assets.xcassets */,
				C1F86D18215545D100F79EBE /* LaunchScreen.storyboard */,
				C1F86D1B215545D100F79EBE /* Info.plist */,
			);
			path = Chat;
			sourceTree = "<group>";
		};
/* End PBXGroup section */

/* Begin PBXNativeTarget section */
		C1F86D0B215545D000F79EBE /* Chat */ = {
			isa = PBXNativeTarget;
			buildConfigurationList = C1F86D1E215545D100F79EBE /* Build configuration list for PBXNativeTarget "Chat" */;
			buildPhases = (
				C1F86D08215545D000F79EBE /* Sources */,
				C1F86D09215545D000F79EBE /* Frameworks */,
				C1F86D0A215545D000F79EBE /* Resources */,
			);
			buildRules = (
			);
			dependencies = (
			);
			name = Chat;
			productName = Chat;
			productReference = C1F86D0C215545D000F79EBE /* Chat.app */;
			productType = "com.apple.product-type.application";
		};
/* End PBXNativeTarget section */

/* Begin PBXProject section */
		C1F86D04215545CF00F79EBE /* Project object */ = {
			isa = PBXProject;
			attributes = {
				LastSwiftUpdateCheck = 0940;
				LastUpgradeCheck = 0940;
				ORGANIZATIONNAME = "Mark Yankovsky";
				TargetAttributes = {
					C1F86D0B215545D000F79EBE = {
						CreatedOnToolsVersion = 9.4.1;
						LastSwiftMigration = 1000;
					};
				};
			};
			buildConfigurationList = C1F86D07215545CF00F79EBE /* Build configuration list for PBXProject "Chat" */;
			compatibilityVersion = "Xcode 9.3";
			developmentRegion = en;
			hasScannedForEncodings = 0;
			knownRegions = (
				en,
				Base,
			);
			mainGroup = C1F86D03215545CF00F79EBE;
			productRefGroup = C1F86D0D215545D000F79EBE /* Products */;
			projectDirPath = "";
			projectRoot = "";
			targets = (
				C1F86D0B215545D000F79EBE /* Chat */,
			);
		};
/* End PBXProject section */

/* Begin PBXResourcesBuildPhase section */
		C1F86D0A215545D000F79EBE /* Resources */ = {
			isa = PBXResourcesBuildPhase;
			buildActionMask = 2147483647;
			files = (
				C1120319216E1EA000A4142D /* MessageCell.xib in Resources */,
				C11C0D59216A907B00F46534 /* ConversationCell.xib in Resources */,
				C1F86D1A215545D100F79EBE /* LaunchScreen.storyboard in Resources */,
				C1F86D17215545D100F79EBE /* Assets.xcassets in Resources */,
				C1F86D15215545D000F79EBE /* Main.storyboard in Resources */,
			);
			runOnlyForDeploymentPostprocessing = 0;
		};
/* End PBXResourcesBuildPhase section */

/* Begin PBXSourcesBuildPhase section */
		C1F86D08215545D000F79EBE /* Sources */ = {
			isa = PBXSourcesBuildPhase;
			buildActionMask = 2147483647;
			files = (
				C1F86D12215545D000F79EBE /* ProfileViewController.swift in Sources */,
				C188F13321739D7D00E06319 /* ThemesViewController.swift in Sources */,
				C1F86D10215545D000F79EBE /* AppDelegate.swift in Sources */,
				C11C0D52216A642300F46534 /* ConversationViewController.swift in Sources */,
				C11C0D50216A58C000F46534 /* ConversationListVIewController.swift in Sources */,
				C188F1352173F3B100E06319 /* Themes.swift in Sources */,
				C11C0D58216A907B00F46534 /* ConversationCell.swift in Sources */,
				C1120318216E1EA000A4142D /* MessageCell.swift in Sources */,
			);
			runOnlyForDeploymentPostprocessing = 0;
		};
/* End PBXSourcesBuildPhase section */

/* Begin PBXVariantGroup section */
		C1F86D13215545D000F79EBE /* Main.storyboard */ = {
			isa = PBXVariantGroup;
			children = (
				C1F86D14215545D000F79EBE /* Base */,
			);
			name = Main.storyboard;
			sourceTree = "<group>";
		};
		C1F86D18215545D100F79EBE /* LaunchScreen.storyboard */ = {
			isa = PBXVariantGroup;
			children = (
				C1F86D19215545D100F79EBE /* Base */,
			);
			name = LaunchScreen.storyboard;
			sourceTree = "<group>";
		};
/* End PBXVariantGroup section */

/* Begin XCBuildConfiguration section */
		C1F86D1C215545D100F79EBE /* Debug */ = {
			isa = XCBuildConfiguration;
			buildSettings = {
				ALWAYS_SEARCH_USER_PATHS = NO;
				CLANG_ANALYZER_NONNULL = YES;
				CLANG_ANALYZER_NUMBER_OBJECT_CONVERSION = YES_AGGRESSIVE;
				CLANG_CXX_LANGUAGE_STANDARD = "gnu++14";
				CLANG_CXX_LIBRARY = "libc++";
				CLANG_ENABLE_MODULES = YES;
				CLANG_ENABLE_OBJC_ARC = YES;
				CLANG_ENABLE_OBJC_WEAK = YES;
				CLANG_WARN_BLOCK_CAPTURE_AUTORELEASING = YES;
				CLANG_WARN_BOOL_CONVERSION = YES;
				CLANG_WARN_COMMA = YES;
				CLANG_WARN_CONSTANT_CONVERSION = YES;
				CLANG_WARN_DEPRECATED_OBJC_IMPLEMENTATIONS = YES;
				CLANG_WARN_DIRECT_OBJC_ISA_USAGE = YES_ERROR;
				CLANG_WARN_DOCUMENTATION_COMMENTS = YES;
				CLANG_WARN_EMPTY_BODY = YES;
				CLANG_WARN_ENUM_CONVERSION = YES;
				CLANG_WARN_INFINITE_RECURSION = YES;
				CLANG_WARN_INT_CONVERSION = YES;
				CLANG_WARN_NON_LITERAL_NULL_CONVERSION = YES;
				CLANG_WARN_OBJC_IMPLICIT_RETAIN_SELF = YES;
				CLANG_WARN_OBJC_LITERAL_CONVERSION = YES;
				CLANG_WARN_OBJC_ROOT_CLASS = YES_ERROR;
				CLANG_WARN_RANGE_LOOP_ANALYSIS = YES;
				CLANG_WARN_STRICT_PROTOTYPES = YES;
				CLANG_WARN_SUSPICIOUS_MOVE = YES;
				CLANG_WARN_UNGUARDED_AVAILABILITY = YES_AGGRESSIVE;
				CLANG_WARN_UNREACHABLE_CODE = YES;
				CLANG_WARN__DUPLICATE_METHOD_MATCH = YES;
				CODE_SIGN_IDENTITY = "iPhone Developer";
				COPY_PHASE_STRIP = NO;
				DEBUG_INFORMATION_FORMAT = dwarf;
				ENABLE_STRICT_OBJC_MSGSEND = YES;
				ENABLE_TESTABILITY = YES;
				GCC_C_LANGUAGE_STANDARD = gnu11;
				GCC_DYNAMIC_NO_PIC = NO;
				GCC_NO_COMMON_BLOCKS = YES;
				GCC_OPTIMIZATION_LEVEL = 0;
				GCC_PREPROCESSOR_DEFINITIONS = (
					"DEBUG=1",
					"$(inherited)",
				);
				GCC_WARN_64_TO_32_BIT_CONVERSION = YES;
				GCC_WARN_ABOUT_RETURN_TYPE = YES_ERROR;
				GCC_WARN_UNDECLARED_SELECTOR = YES;
				GCC_WARN_UNINITIALIZED_AUTOS = YES_AGGRESSIVE;
				GCC_WARN_UNUSED_FUNCTION = YES;
				GCC_WARN_UNUSED_VARIABLE = YES;
				IPHONEOS_DEPLOYMENT_TARGET = 11.4;
				MTL_ENABLE_DEBUG_INFO = YES;
				ONLY_ACTIVE_ARCH = YES;
				SDKROOT = iphoneos;
				SWIFT_ACTIVE_COMPILATION_CONDITIONS = DEBUG;
				SWIFT_OPTIMIZATION_LEVEL = "-Onone";
			};
			name = Debug;
		};
		C1F86D1D215545D100F79EBE /* Release */ = {
			isa = XCBuildConfiguration;
			buildSettings = {
				ALWAYS_SEARCH_USER_PATHS = NO;
				CLANG_ANALYZER_NONNULL = YES;
				CLANG_ANALYZER_NUMBER_OBJECT_CONVERSION = YES_AGGRESSIVE;
				CLANG_CXX_LANGUAGE_STANDARD = "gnu++14";
				CLANG_CXX_LIBRARY = "libc++";
				CLANG_ENABLE_MODULES = YES;
				CLANG_ENABLE_OBJC_ARC = YES;
				CLANG_ENABLE_OBJC_WEAK = YES;
				CLANG_WARN_BLOCK_CAPTURE_AUTORELEASING = YES;
				CLANG_WARN_BOOL_CONVERSION = YES;
				CLANG_WARN_COMMA = YES;
				CLANG_WARN_CONSTANT_CONVERSION = YES;
				CLANG_WARN_DEPRECATED_OBJC_IMPLEMENTATIONS = YES;
				CLANG_WARN_DIRECT_OBJC_ISA_USAGE = YES_ERROR;
				CLANG_WARN_DOCUMENTATION_COMMENTS = YES;
				CLANG_WARN_EMPTY_BODY = YES;
				CLANG_WARN_ENUM_CONVERSION = YES;
				CLANG_WARN_INFINITE_RECURSION = YES;
				CLANG_WARN_INT_CONVERSION = YES;
				CLANG_WARN_NON_LITERAL_NULL_CONVERSION = YES;
				CLANG_WARN_OBJC_IMPLICIT_RETAIN_SELF = YES;
				CLANG_WARN_OBJC_LITERAL_CONVERSION = YES;
				CLANG_WARN_OBJC_ROOT_CLASS = YES_ERROR;
				CLANG_WARN_RANGE_LOOP_ANALYSIS = YES;
				CLANG_WARN_STRICT_PROTOTYPES = YES;
				CLANG_WARN_SUSPICIOUS_MOVE = YES;
				CLANG_WARN_UNGUARDED_AVAILABILITY = YES_AGGRESSIVE;
				CLANG_WARN_UNREACHABLE_CODE = YES;
				CLANG_WARN__DUPLICATE_METHOD_MATCH = YES;
				CODE_SIGN_IDENTITY = "iPhone Developer";
				COPY_PHASE_STRIP = NO;
				DEBUG_INFORMATION_FORMAT = "dwarf-with-dsym";
				ENABLE_NS_ASSERTIONS = NO;
				ENABLE_STRICT_OBJC_MSGSEND = YES;
				GCC_C_LANGUAGE_STANDARD = gnu11;
				GCC_NO_COMMON_BLOCKS = YES;
				GCC_WARN_64_TO_32_BIT_CONVERSION = YES;
				GCC_WARN_ABOUT_RETURN_TYPE = YES_ERROR;
				GCC_WARN_UNDECLARED_SELECTOR = YES;
				GCC_WARN_UNINITIALIZED_AUTOS = YES_AGGRESSIVE;
				GCC_WARN_UNUSED_FUNCTION = YES;
				GCC_WARN_UNUSED_VARIABLE = YES;
				IPHONEOS_DEPLOYMENT_TARGET = 11.4;
				MTL_ENABLE_DEBUG_INFO = NO;
				SDKROOT = iphoneos;
				SWIFT_COMPILATION_MODE = wholemodule;
				SWIFT_OPTIMIZATION_LEVEL = "-O";
				VALIDATE_PRODUCT = YES;
			};
			name = Release;
		};
		C1F86D1F215545D100F79EBE /* Debug */ = {
			isa = XCBuildConfiguration;
			buildSettings = {
				ASSETCATALOG_COMPILER_APPICON_NAME = AppIcon;
				CLANG_ENABLE_MODULES = YES;
				CODE_SIGN_STYLE = Automatic;
				DEVELOPMENT_TEAM = J8SJRADBGB;
				INFOPLIST_FILE = Chat/Info.plist;
				IPHONEOS_DEPLOYMENT_TARGET = 11.0;
				LD_RUNPATH_SEARCH_PATHS = (
					"$(inherited)",
					"@executable_path/Frameworks",
				);
				PRODUCT_BUNDLE_IDENTIFIER = sachem.Chat;
				PRODUCT_NAME = "$(TARGET_NAME)";
				SWIFT_OPTIMIZATION_LEVEL = "-Onone";
				SWIFT_VERSION = 4.2;
				TARGETED_DEVICE_FAMILY = 1;
			};
			name = Debug;
		};
		C1F86D20215545D100F79EBE /* Release */ = {
			isa = XCBuildConfiguration;
			buildSettings = {
				ASSETCATALOG_COMPILER_APPICON_NAME = AppIcon;
				CLANG_ENABLE_MODULES = YES;
				CODE_SIGN_STYLE = Automatic;
				DEVELOPMENT_TEAM = J8SJRADBGB;
				INFOPLIST_FILE = Chat/Info.plist;
				IPHONEOS_DEPLOYMENT_TARGET = 11.0;
				LD_RUNPATH_SEARCH_PATHS = (
					"$(inherited)",
					"@executable_path/Frameworks",
				);
				PRODUCT_BUNDLE_IDENTIFIER = sachem.Chat;
				PRODUCT_NAME = "$(TARGET_NAME)";
				SWIFT_VERSION = 4.2;
				TARGETED_DEVICE_FAMILY = 1;
			};
			name = Release;
		};
/* End XCBuildConfiguration section */

/* Begin XCConfigurationList section */
		C1F86D07215545CF00F79EBE /* Build configuration list for PBXProject "Chat" */ = {
			isa = XCConfigurationList;
			buildConfigurations = (
				C1F86D1C215545D100F79EBE /* Debug */,
				C1F86D1D215545D100F79EBE /* Release */,
			);
			defaultConfigurationIsVisible = 0;
			defaultConfigurationName = Release;
		};
		C1F86D1E215545D100F79EBE /* Build configuration list for PBXNativeTarget "Chat" */ = {
			isa = XCConfigurationList;
			buildConfigurations = (
				C1F86D1F215545D100F79EBE /* Debug */,
				C1F86D20215545D100F79EBE /* Release */,
			);
			defaultConfigurationIsVisible = 0;
			defaultConfigurationName = Release;
		};
/* End XCConfigurationList section */
	};
	rootObject = C1F86D04215545CF00F79EBE /* Project object */;
}
